lockfileVersion: '9.0'

settings:
  autoInstallPeers: true
  excludeLinksFromLockfile: false

importers:

  .:
    devDependencies:
      '@biomejs/biome':
        specifier: ^2.4.16
        version: 2.4.16
      '@types/bun':
        specifier: ^1.3.14
        version: 1.3.14
      typescript:
        specifier: ^6.0.3
        version: 6.0.3

  examples/agentic:
    dependencies:
      drizzle-orm:
        specifier: ^0.45.2
        version: 0.45.2(bun-types@1.3.14)(postgres@3.4.9)
      pipelines:
        specifier: workspace:*
        version: link:../../packages/pipelines
      postgres:
        specifier: ^3.4.9
        version: 3.4.9

  examples/onboarding:
    dependencies:
      pipelines:
        specifier: workspace:*
        version: link:../../packages/pipelines

  packages/pipelines:
    dependencies:
      '@pipelines/runtime':
        specifier: workspace:*
        version: link:../runtime

  packages/runtime:
    devDependencies:
      postgres:
        specifier: ^3.4.9
        version: 3.4.9

packages:

  '@biomejs/biome@2.4.16':
    resolution: {integrity: sha512-x9ajFh1zChVybCiM3TN6OD4phAqLgtPZjFrZF+aTMYCPjwBO+k529TX7PPsAqtGNLeV4UgzwQnowEgS7bGmzcA==}
    engines: {node: '>=14.21.3'}
    hasBin: true

  '@biomejs/cli-darwin-arm64@2.4.16':
    resolution: {integrity: sha512-wxPvu4XOA85YJk9ixSWUmq/QBHbid85BISbOAqqBM/5xQpPk9ayjk5375tOlSC0BeCwNSbPFafQBm+vBumXq0A==}
    engines: {node: '>=14.21.3'}
    cpu: [arm64]
    os: [darwin]

  '@biomejs/cli-darwin-x64@2.4.16':
    resolution: {integrity: sha512-xFCqGPwYusQJp4N4NJLi1XJiZqjwFdjhT+KqtNy+Ug3qgfczqnTa6MSDvxJF6TkuDLoYJItMapz6tAf7kCekFw==}
    engines: {node: '>=14.21.3'}
    cpu: [x64]
    os: [darwin]

  '@biomejs/cli-linux-arm64-musl@2.4.16':
    resolution: {integrity: sha512-oYxnW0ARfJkr72ezzF2OR8N/rtkgLUQeYtF8cFhVswbknHxtTcmzSsanVJP8yQKnGpGpc2ck6c5zLvHahL6Cbg==}
    engines: {node: '>=14.21.3'}
    cpu: [arm64]
    os: [linux]
    libc: [musl]

  '@biomejs/cli-linux-arm64@2.4.16':
    resolution: {integrity: sha512-2kFb4//jxfZaP6D+Rj5VkHkxgyD9EoRAVBEQb8PKRv+s4NO2zYNJKXFaJmK1CmhufJOWEfpHKaRbOja7qjmdhQ==}
    engines: {node: '>=14.21.3'}
    cpu: [arm64]
    os: [linux]
    libc: [glibc]

  '@biomejs/cli-linux-x64-musl@2.4.16':
    resolution: {integrity: sha512-iHDS+MCM65DPqWGu+ECC3uoALyj2H7F4nVUPxIPjz/PIl94EUu+EDfGZDzFP+NY1EOPVt9NQvwFqq7HdMmowdg==}
    engines: {node: '>=14.21.3'}
    cpu: [x64]
    os: [linux]
    libc: [musl]

  '@biomejs/cli-linux-x64@2.4.16':
    resolution: {integrity: sha512-NbcBbi/nJqn5baae6wqRXdS7Gadf2uRpehSh6vMSYpG8OhkXl/Xg8aorWrJ+9VWqAT5ml90alLvorkpMW0nBwQ==}
    engines: {node: '>=14.21.3'}
    cpu: [x64]
    os: [linux]
    libc: [glibc]

  '@biomejs/cli-win32-arm64@2.4.16':
    resolution: {integrity: sha512-0rgImMsNb5v/chhkIFe3wu7PEFClS6RBAYUijGL9UsYN3PanSaoK24HSSuSJb1pYbYYVjzAyZTl3gtjJ84BM8A==}
    engines: {node: '>=14.21.3'}
    cpu: [arm64]
    os: [win32]

  '@biomejs/cli-win32-x64@2.4.16':
    resolution: {integrity: sha512-Kp85jgoBHa05gix6UIRjfCDiUV3w/8VIdZ247VyyO2gEjaw12WEVhdIjlxp/AMzXxqxQwbxNTDVZ3Mwd2RG5rw==}
    engines: {node: '>=14.21.3'}
    cpu: [x64]
    os: [win32]

  '@types/bun@1.3.14':
    resolution: {integrity: sha512-h1hFqFVcvAvD9j9K7ZW7vd82aSA+rTdznZa+5bwvCwqSB1jmmfLcbIWhOLx1/+boy/xmjgCs/OMUL8hRJSmnPw==}

  '@types/node@25.9.1':
    resolution: {integrity: sha512-xfrlY7UD5rMJk3ZVJP8BNzS28J36YJg+xp+LPXV1TdWxr8uMH5A860QNxYDGQe/ylDSgjxE52Q9VnO7p75tJxg==}

  bun-types@1.3.14:
    resolution: {integrity: sha512-4N0ig0fEomHt5R0KCFWjovxow98rIoRwKolrYdCcknNwMekCXRnWEUvgu5soYV8QXtVsrUD8B95MBOZGPvr6KQ==}

  drizzle-orm@0.45.2:
    resolution: {integrity: sha512-kY0BSaTNYWnoDMVoyY8uxmyHjpJW1geOmBMdSSicKo9CIIWkSxMIj2rkeSR51b8KAPB7m+qysjuHme5nKP+E5Q==}
    peerDependencies:
      '@aws-sdk/client-rds-data': '>=3'
      '@cloudflare/workers-types': '>=4'
      '@electric-sql/pglite': '>=0.2.0'
      '@libsql/client': '>=0.10.0'
      '@libsql/client-wasm': '>=0.10.0'
      '@neondatabase/serverless': '>=0.10.0'
      '@op-engineering/op-sqlite': '>=2'
      '@opentelemetry/api': ^1.4.1
      '@planetscale/database': '>=1.13'
      '@prisma/client': '*'
      '@tidbcloud/serverless': '*'
      '@types/better-sqlite3': '*'
      '@types/pg': '*'
      '@types/sql.js': '*'
      '@upstash/redis': '>=1.34.7'
      '@vercel/postgres': '>=0.8.0'
      '@xata.io/client': '*'
      better-sqlite3: '>=7'
      bun-types: '*'
      expo-sqlite: '>=14.0.0'
      gel: '>=2'
      knex: '*'
      kysely: '*'
      mysql2: '>=2'
      pg: '>=8'
      postgres: '>=3'
      prisma: '*'
      sql.js: '>=1'
      sqlite3: '>=5'
    peerDependenciesMeta:
      '@aws-sdk/client-rds-data':
        optional: true
      '@cloudflare/workers-types':
        optional: true
      '@electric-sql/pglite':
        optional: true
      '@libsql/client':
        optional: true
      '@libsql/client-wasm':
        optional: true
      '@neondatabase/serverless':
        optional: true
      '@op-engineering/op-sqlite':
        optional: true
      '@opentelemetry/api':
        optional: true
      '@planetscale/database':
        optional: true
      '@prisma/client':
        optional: true
      '@tidbcloud/serverless':
        optional: true
      '@types/better-sqlite3':
        optional: true
      '@types/pg':
        optional: true
      '@types/sql.js':
        optional: true
      '@upstash/redis':
        optional: true
      '@vercel/postgres':
        optional: true
      '@xata.io/client':
        optional: true
      better-sqlite3:
        optional: true
      bun-types:
        optional: true
      expo-sqlite:
        optional: true
      gel:
        optional: true
      knex:
        optional: true
      kysely:
        optional: true
      mysql2:
        optional: true
      pg:
        optional: true
      postgres:
        optional: true
      prisma:
        optional: true
      sql.js:
        optional: true
      sqlite3:
        optional: true

  postgres@3.4.9:
    resolution: {integrity: sha512-GD3qdB0x1z9xgFI6cdRD6xu2Sp2WCOEoe3mtnyB5Ee0XrrL5Pe+e4CCnJrRMnL1zYtRDZmQQVbvOttLnKDLnaw==}
    engines: {node: '>=12'}

  typescript@6.0.3:
    resolution: {integrity: sha512-y2TvuxSZPDyQakkFRPZHKFm+KKVqIisdg9/CZwm9ftvKXLP8NRWj38/ODjNbr43SsoXqNuAisEf1GdCxqWcdBw==}
    engines: {node: '>=14.17'}
    hasBin: true

  undici-types@7.24.6:
    resolution: {integrity: sha512-WRNW+sJgj5OBN4/0JpHFqtqzhpbnV0GuB+OozA9gCL7a993SmU+1JBZCzLNxYsbMfIeDL+lTsphD5jN5N+n0zg==}

snapshots:

  '@biomejs/biome@2.4.16':
    optionalDependencies:
      '@biomejs/cli-darwin-arm64': 2.4.16
      '@biomejs/cli-darwin-x64': 2.4.16
      '@biomejs/cli-linux-arm64': 2.4.16
      '@biomejs/cli-linux-arm64-musl': 2.4.16
      '@biomejs/cli-linux-x64': 2.4.16
      '@biomejs/cli-linux-x64-musl': 2.4.16
      '@biomejs/cli-win32-arm64': 2.4.16
      '@biomejs/cli-win32-x64': 2.4.16

  '@biomejs/cli-darwin-arm64@2.4.16':
    optional: true

  '@biomejs/cli-darwin-x64@2.4.16':
    optional: true

  '@biomejs/cli-linux-arm64-musl@2.4.16':
    optional: true

  '@biomejs/cli-linux-arm64@2.4.16':
    optional: true

  '@biomejs/cli-linux-x64-musl@2.4.16':
    optional: true

  '@biomejs/cli-linux-x64@2.4.16':
    optional: true

  '@biomejs/cli-win32-arm64@2.4.16':
    optional: true

  '@biomejs/cli-win32-x64@2.4.16':
    optional: true

  '@types/bun@1.3.14':
    dependencies:
      bun-types: 1.3.14

  '@types/node@25.9.1':
    dependencies:
      undici-types: 7.24.6

  bun-types@1.3.14:
    dependencies:
      '@types/node': 25.9.1

  drizzle-orm@0.45.2(bun-types@1.3.14)(postgres@3.4.9):
    optionalDependencies:
      bun-types: 1.3.14
      postgres: 3.4.9

  postgres@3.4.9: {}

  typescript@6.0.3: {}

  undici-types@7.24.6: {}
